
Microsoft Visual Studio Solution File, Format Version 12.00
# Visual Studio Version 16
VisualStudioVersion = 16.0.31402.337
MinimumVisualStudioVersion = 10.0.40219.1
Project("{2150E333-8FDC-42A3-9474-1A3956D46DE8}") = "src", "src", "{6CC74A60-3F79-4B83-8F5F-AF7CD2BB9346}"
EndProject
Project("{FAE04EC0-301F-11D3-BF4B-00C04F79EFBC}") = "Pubs.Database.DbUp", "src\Pubs.Database.DbUp\Pubs.Database.DbUp.csproj", "{9E7FD952-2111-4A2E-A8E8-9F8CDA584EC0}"
EndProject
Global
	GlobalSection(SolutionConfigurationPlatforms) = preSolution
		Debug|Any CPU = Debug|Any CPU
		Release|Any CPU = Release|Any CPU
	EndGlobalSection
	GlobalSection(ProjectConfigurationPlatforms) = postSolution
		{9E7FD952-2111-4A2E-A8E8-9F8CDA584EC0}.Debug|Any CPU.ActiveCfg = Debug|Any CPU
		{9E7FD952-2111-4A2E-A8E8-9F8CDA584EC0}.Debug|Any CPU.Build.0 = Debug|Any CPU
		{9E7FD952-2111-4A2E-A8E8-9F8CDA584EC0}.Release|Any CPU.ActiveCfg = Release|Any CPU
		{9E7FD952-2111-4A2E-A8E8-9F8CDA584EC0}.Release|Any CPU.Build.0 = Release|Any CPU
	EndGlobalSection
	GlobalSection(SolutionProperties) = preSolution
		HideSolutionNode = FALSE
	EndGlobalSection
	GlobalSection(NestedProjects) = preSolution
		{9E7FD952-2111-4A2E-A8E8-9F8CDA584EC0} = {6CC74A60-3F79-4B83-8F5F-AF7CD2BB9346}
	EndGlobalSection
	GlobalSection(ExtensibilityGlobals) = postSolution
		SolutionGuid = {506B7B04-A646-4740-B2E3-E76E706C4F4B}
	EndGlobalSection
EndGlobal
